// !$*UTF8*$!
{
	archiveVersion = 1;
	classes = {
	};
	objectVersion = 46;
	objects = {

/* Begin PBXBuildFile section */
		612CBC841999CD8200DEB9B3 /* Foundation.framework in Frameworks */ = {isa = PBXBuildFile; fileRef = 612CBC831999CD8200DEB9B3 /* Foundation.framework */; };
		612CBC861999CD8200DEB9B3 /* CoreGraphics.framework in Frameworks */ = {isa = PBXBuildFile; fileRef = 612CBC851999CD8200DEB9B3 /* CoreGraphics.framework */; };
		612CBC881999CD8200DEB9B3 /* UIKit.framework in Frameworks */ = {isa = PBXBuildFile; fileRef = 612CBC871999CD8200DEB9B3 /* UIKit.framework */; };
		612CBC8E1999CD8200DEB9B3 /* InfoPlist.strings in Resources */ = {isa = PBXBuildFile; fileRef = 612CBC8C1999CD8200DEB9B3 /* InfoPlist.strings */; };
		612CBC901999CD8200DEB9B3 /* main.m in Sources */ = {isa = PBXBuildFile; fileRef = 612CBC8F1999CD8200DEB9B3 /* main.m */; };
		612CBC941999CD8200DEB9B3 /* LHLAppDelegate.m in Sources */ = {isa = PBXBuildFile; fileRef = 612CBC931999CD8200DEB9B3 /* LHLAppDelegate.m */; };
		612CBC971999CD8200DEB9B3 /* Main.storyboard in Resources */ = {isa = PBXBuildFile; fileRef = 612CBC951999CD8200DEB9B3 /* Main.storyboard */; };
		612CBC9C1999CD8200DEB9B3 /* Images.xcassets in Resources */ = {isa = PBXBuildFile; fileRef = 612CBC9B1999CD8200DEB9B3 /* Images.xcassets */; };
		612CBCA31999CD8200DEB9B3 /* XCTest.framework in Frameworks */ = {isa = PBXBuildFile; fileRef = 612CBCA21999CD8200DEB9B3 /* XCTest.framework */; };
		612CBCA41999CD8200DEB9B3 /* Foundation.framework in Frameworks */ = {isa = PBXBuildFile; fileRef = 612CBC831999CD8200DEB9B3 /* Foundation.framework */; };
		612CBCA51999CD8200DEB9B3 /* UIKit.framework in Frameworks */ = {isa = PBXBuildFile; fileRef = 612CBC871999CD8200DEB9B3 /* UIKit.framework */; };
		612CBCAD1999CD8200DEB9B3 /* InfoPlist.strings in Resources */ = {isa = PBXBuildFile; fileRef = 612CBCAB1999CD8200DEB9B3 /* InfoPlist.strings */; };
		612CBCAF1999CD8200DEB9B3 /* EmploymentTests.m in Sources */ = {isa = PBXBuildFile; fileRef = 612CBCAE1999CD8200DEB9B3 /* EmploymentTests.m */; };
		612CBCBA1999CDC800DEB9B3 /* LHLDepartmentsViewController.m in Sources */ = {isa = PBXBuildFile; fileRef = 612CBCB91999CDC800DEB9B3 /* LHLDepartmentsViewController.m */; };
		612CBCBD1999CF2E00DEB9B3 /* LHLEmployeesViewController.m in Sources */ = {isa = PBXBuildFile; fileRef = 612CBCBC1999CF2E00DEB9B3 /* LHLEmployeesViewController.m */; };
		612CBCC01999D29300DEB9B3 /* LHLAddEmployeeViewController.m in Sources */ = {isa = PBXBuildFile; fileRef = 612CBCBF1999D29300DEB9B3 /* LHLAddEmployeeViewController.m */; };
/* End PBXBuildFile section */

/* Begin PBXContainerItemProxy section */
		612CBCA61999CD8200DEB9B3 /* PBXContainerItemProxy */ = {
			isa = PBXContainerItemProxy;
			containerPortal = 612CBC781999CD8200DEB9B3 /* Project object */;
			proxyType = 1;
			remoteGlobalIDString = 612CBC7F1999CD8200DEB9B3;
			remoteInfo = Employment;
		};
/* End PBXContainerItemProxy section */

/* Begin PBXFileReference section */
		612CBC801999CD8200DEB9B3 /* Employment.app */ = {isa = PBXFileReference; explicitFileType = wrapper.application; includeInIndex = 0; path = Employment.app; sourceTree = BUILT_PRODUCTS_DIR; };
		612CBC831999CD8200DEB9B3 /* Foundation.framework */ = {isa = PBXFileReference; lastKnownFileType = wrapper.framework; name = Foundation.framework; path = System/Library/Frameworks/Foundation.framework; sourceTree = SDKROOT; };
		612CBC851999CD8200DEB9B3 /* CoreGraphics.framework */ = {isa = PBXFileReference; lastKnownFileType = wrapper.framework; name = CoreGraphics.framework; path = System/Library/Frameworks/CoreGraphics.framework; sourceTree = SDKROOT; };
		612CBC871999CD8200DEB9B3 /* UIKit.framework */ = {isa = PBXFileReference; lastKnownFileType = wrapper.framework; name = UIKit.framework; path = System/Library/Frameworks/UIKit.framework; sourceTree = SDKROOT; };
		612CBC8B1999CD8200DEB9B3 /* Employment-Info.plist */ = {isa = PBXFileReference; lastKnownFileType = text.plist.xml; path = "Employment-Info.plist"; sourceTree = "<group>"; };
		612CBC8D1999CD8200DEB9B3 /* en */ = {isa = PBXFileReference; lastKnownFileType = text.plist.strings; name = en; path = en.lproj/InfoPlist.strings; sourceTree = "<group>"; };
		612CBC8F1999CD8200DEB9B3 /* main.m */ = {isa = PBXFileReference; lastKnownFileType = sourcecode.c.objc; path = main.m; sourceTree = "<group>"; };
		612CBC911999CD8200DEB9B3 /* Employment-Prefix.pch */ = {isa = PBXFileReference; lastKnownFileType = sourcecode.c.h; path = "Employment-Prefix.pch"; sourceTree = "<group>"; };
		612CBC921999CD8200DEB9B3 /* LHLAppDelegate.h */ = {isa = PBXFileReference; lastKnownFileType = sourcecode.c.h; path = LHLAppDelegate.h; sourceTree = "<group>"; };
		612CBC931999CD8200DEB9B3 /* LHLAppDelegate.m */ = {isa = PBXFileReference; lastKnownFileType = sourcecode.c.objc; path = LHLAppDelegate.m; sourceTree = "<group>"; };
		612CBC961999CD8200DEB9B3 /* Base */ = {isa = PBXFileReference; lastKnownFileType = file.storyboard; name = Base; path = Base.lproj/Main.storyboard; sourceTree = "<group>"; };
		612CBC9B1999CD8200DEB9B3 /* Images.xcassets */ = {isa = PBXFileReference; lastKnownFileType = folder.assetcatalog; path = Images.xcassets; sourceTree = "<group>"; };
		612CBCA11999CD8200DEB9B3 /* EmploymentTests.xctest */ = {isa = PBXFileReference; explicitFileType = wrapper.cfbundle; includeInIndex = 0; path = EmploymentTests.xctest; sourceTree = BUILT_PRODUCTS_DIR; };
		612CBCA21999CD8200DEB9B3 /* XCTest.framework */ = {isa = PBXFileReference; lastKnownFileType = wrapper.framework; name = XCTest.framework; path = Library/Frameworks/XCTest.framework; sourceTree = DEVELOPER_DIR; };
		612CBCAA1999CD8200DEB9B3 /* EmploymentTests-Info.plist */ = {isa = PBXFileReference; lastKnownFileType = text.plist.xml; path = "EmploymentTests-Info.plist"; sourceTree = "<group>"; };
		612CBCAC1999CD8200DEB9B3 /* en */ = {isa = PBXFileReference; lastKnownFileType = text.plist.strings; name = en; path = en.lproj/InfoPlist.strings; sourceTree = "<group>"; };
		612CBCAE1999CD8200DEB9B3 /* EmploymentTests.m */ = {isa = PBXFileReference; lastKnownFileType = sourcecode.c.objc; path = EmploymentTests.m; sourceTree = "<group>"; };
		612CBCB81999CDC800DEB9B3 /* LHLDepartmentsViewController.h */ = {isa = PBXFileReference; fileEncoding = 4; lastKnownFileType = sourcecode.c.h; path = LHLDepartmentsViewController.h; sourceTree = "<group>"; };
		612CBCB91999CDC800DEB9B3 /* LHLDepartmentsViewController.m */ = {isa = PBXFileReference; fileEncoding = 4; lastKnownFileType = sourcecode.c.objc; path = LHLDepartmentsViewController.m; sourceTree = "<group>"; };
		612CBCBB1999CF2E00DEB9B3 /* LHLEmployeesViewController.h */ = {isa = PBXFileReference; fileEncoding = 4; lastKnownFileType = sourcecode.c.h; path = LHLEmployeesViewController.h; sourceTree = "<group>"; };
		612CBCBC1999CF2E00DEB9B3 /* LHLEmployeesViewController.m */ = {isa = PBXFileReference; fileEncoding = 4; lastKnownFileType = sourcecode.c.objc; path = LHLEmployeesViewController.m; sourceTree = "<group>"; };
		612CBCBE1999D29300DEB9B3 /* LHLAddEmployeeViewController.h */ = {isa = PBXFileReference; fileEncoding = 4; lastKnownFileType = sourcecode.c.h; path = LHLAddEmployeeViewController.h; sourceTree = "<group>"; };
		612CBCBF1999D29300DEB9B3 /* LHLAddEmployeeViewController.m */ = {isa = PBXFileReference; fileEncoding = 4; lastKnownFileType = sourcecode.c.objc; path = LHLAddEmployeeViewController.m; sourceTree = "<group>"; };
/* End PBXFileReference section */

/* Begin PBXFrameworksBuildPhase section */
		612CBC7D1999CD8200DEB9B3 /* Frameworks */ = {
			isa = PBXFrameworksBuildPhase;
			buildActionMask = 2147483647;
			files = (
				612CBC861999CD8200DEB9B3 /* CoreGraphics.framework in Frameworks */,
				612CBC881999CD8200DEB9B3 /* UIKit.framework in Frameworks */,
				612CBC841999CD8200DEB9B3 /* Foundation.framework in Frameworks */,
			);
			runOnlyForDeploymentPostprocessing = 0;
		};
		612CBC9E1999CD8200DEB9B3 /* Frameworks */ = {
			isa = PBXFrameworksBuildPhase;
			buildActionMask = 2147483647;
			files = (
				612CBCA31999CD8200DEB9B3 /* XCTest.framework in Frameworks */,
				612CBCA51999CD8200DEB9B3 /* UIKit.framework in Frameworks */,
				612CBCA41999CD8200DEB9B3 /* Foundation.framework in Frameworks */,
			);
			runOnlyForDeploymentPostprocessing = 0;
		};
/* End PBXFrameworksBuildPhase section */

/* Begin PBXGroup section */
		612CBC771999CD8200DEB9B3 = {
			isa = PBXGroup;
			children = (
				612CBC891999CD8200DEB9B3 /* Employment */,
				612CBCA81999CD8200DEB9B3 /* EmploymentTests */,
				612CBC821999CD8200DEB9B3 /* Frameworks */,
				612CBC811999CD8200DEB9B3 /* Products */,
			);
			sourceTree = "<group>";
		};
		612CBC811999CD8200DEB9B3 /* Products */ = {
			isa = PBXGroup;
			children = (
				612CBC801999CD8200DEB9B3 /* Employment.app */,
				612CBCA11999CD8200DEB9B3 /* EmploymentTests.xctest */,
			);
			name = Products;
			sourceTree = "<group>";
		};
		612CBC821999CD8200DEB9B3 /* Frameworks */ = {
			isa = PBXGroup;
			children = (
				612CBC831999CD8200DEB9B3 /* Foundation.framework */,
				612CBC851999CD8200DEB9B3 /* CoreGraphics.framework */,
				612CBC871999CD8200DEB9B3 /* UIKit.framework */,
				612CBCA21999CD8200DEB9B3 /* XCTest.framework */,
			);
			name = Frameworks;
			sourceTree = "<group>";
		};
		612CBC891999CD8200DEB9B3 /* Employment */ = {
			isa = PBXGroup;
			children = (
				612CBC921999CD8200DEB9B3 /* LHLAppDelegate.h */,
				612CBC931999CD8200DEB9B3 /* LHLAppDelegate.m */,
				612CBC951999CD8200DEB9B3 /* Main.storyboard */,
				612CBCB81999CDC800DEB9B3 /* LHLDepartmentsViewController.h */,
				612CBCB91999CDC800DEB9B3 /* LHLDepartmentsViewController.m */,
				612CBCBB1999CF2E00DEB9B3 /* LHLEmployeesViewController.h */,
				612CBCBC1999CF2E00DEB9B3 /* LHLEmployeesViewController.m */,
				612CBCBE1999D29300DEB9B3 /* LHLAddEmployeeViewController.h */,
				612CBCBF1999D29300DEB9B3 /* LHLAddEmployeeViewController.m */,
				612CBC9B1999CD8200DEB9B3 /* Images.xcassets */,
				612CBC8A1999CD8200DEB9B3 /* Supporting Files */,
			);
			path = Employment;
			sourceTree = "<group>";
		};
		612CBC8A1999CD8200DEB9B3 /* Supporting Files */ = {
			isa = PBXGroup;
			children = (
				612CBC8B1999CD8200DEB9B3 /* Employment-Info.plist */,
				612CBC8C1999CD8200DEB9B3 /* InfoPlist.strings */,
				612CBC8F1999CD8200DEB9B3 /* main.m */,
				612CBC911999CD8200DEB9B3 /* Employment-Prefix.pch */,
			);
			name = "Supporting Files";
			sourceTree = "<group>";
		};
		612CBCA81999CD8200DEB9B3 /* EmploymentTests */ = {
			isa = PBXGroup;
			children = (
				612CBCAE1999CD8200DEB9B3 /* EmploymentTests.m */,
				612CBCA91999CD8200DEB9B3 /* Supporting Files */,
			);
			path = EmploymentTests;
			sourceTree = "<group>";
		};
		612CBCA91999CD8200DEB9B3 /* Supporting Files */ = {
			isa = PBXGroup;
			children = (
				612CBCAA1999CD8200DEB9B3 /* EmploymentTests-Info.plist */,
				612CBCAB1999CD8200DEB9B3 /* InfoPlist.strings */,
			);
			name = "Supporting Files";
			sourceTree = "<group>";
		};
/* End PBXGroup section */

/* Begin PBXNativeTarget section */
		612CBC7F1999CD8200DEB9B3 /* Employment */ = {
			isa = PBXNativeTarget;
			buildConfigurationList = 612CBCB21999CD8200DEB9B3 /* Build configuration list for PBXNativeTarget "Employment" */;
			buildPhases = (
				612CBC7C1999CD8200DEB9B3 /* Sources */,
				612CBC7D1999CD8200DEB9B3 /* Frameworks */,
				612CBC7E1999CD8200DEB9B3 /* Resources */,
			);
			buildRules = (
			);
			dependencies = (
			);
			name = Employment;
			productName = Employment;
			productReference = 612CBC801999CD8200DEB9B3 /* Employment.app */;
			productType = "com.apple.product-type.application";
		};
		612CBCA01999CD8200DEB9B3 /* EmploymentTests */ = {
			isa = PBXNativeTarget;
			buildConfigurationList = 612CBCB51999CD8200DEB9B3 /* Build configuration list for PBXNativeTarget "EmploymentTests" */;
			buildPhases = (
				612CBC9D1999CD8200DEB9B3 /* Sources */,
				612CBC9E1999CD8200DEB9B3 /* Frameworks */,
				612CBC9F1999CD8200DEB9B3 /* Resources */,
			);
			buildRules = (
			);
			dependencies = (
				612CBCA71999CD8200DEB9B3 /* PBXTargetDependency */,
			);
			name = EmploymentTests;
			productName = EmploymentTests;
			productReference = 612CBCA11999CD8200DEB9B3 /* EmploymentTests.xctest */;
			productType = "com.apple.product-type.bundle.unit-test";
		};
/* End PBXNativeTarget section */

/* Begin PBXProject section */
		612CBC781999CD8200DEB9B3 /* Project object */ = {
			isa = PBXProject;
			attributes = {
				CLASSPREFIX = LHL;
				LastUpgradeCheck = 0510;
				ORGANIZATIONNAME = "Lighthouse Labs";
				TargetAttributes = {
					612CBCA01999CD8200DEB9B3 = {
						TestTargetID = 612CBC7F1999CD8200DEB9B3;
					};
				};
			};
			buildConfigurationList = 612CBC7B1999CD8200DEB9B3 /* Build configuration list for PBXProject "Employment" */;
			compatibilityVersion = "Xcode 3.2";
			developmentRegion = English;
			hasScannedForEncodings = 0;
			knownRegions = (
				en,
				Base,
			);
			mainGroup = 612CBC771999CD8200DEB9B3;
			productRefGroup = 612CBC811999CD8200DEB9B3 /* Products */;
			projectDirPath = "";
			projectRoot = "";
			targets = (
				612CBC7F1999CD8200DEB9B3 /* Employment */,
				612CBCA01999CD8200DEB9B3 /* EmploymentTests */,
			);
		};
/* End PBXProject section */

/* Begin PBXResourcesBuildPhase section */
		612CBC7E1999CD8200DEB9B3 /* Resources */ = {
			isa = PBXResourcesBuildPhase;
			buildActionMask = 2147483647;
			files = (
				612CBC9C1999CD8200DEB9B3 /* Images.xcassets in Resources */,
				612CBC8E1999CD8200DEB9B3 /* InfoPlist.strings in Resources */,
				612CBC971999CD8200DEB9B3 /* Main.storyboard in Resources */,
			);
			runOnlyForDeploymentPostprocessing = 0;
		};
		612CBC9F1999CD8200DEB9B3 /* Resources */ = {
			isa = PBXResourcesBuildPhase;
			buildActionMask = 2147483647;
			files = (
				612CBCAD1999CD8200DEB9B3 /* InfoPlist.strings in Resources */,
			);
			runOnlyForDeploymentPostprocessing = 0;
		};
/* End PBXResourcesBuildPhase section */

/* Begin PBXSourcesBuildPhase section */
		612CBC7C1999CD8200DEB9B3 /* Sources */ = {
			isa = PBXSourcesBuildPhase;
			buildActionMask = 2147483647;
			files = (
				612CBCBA1999CDC800DEB9B3 /* LHLDepartmentsViewController.m in Sources */,
				612CBCBD1999CF2E00DEB9B3 /* LHLEmployeesViewController.m in Sources */,
				612CBC901999CD8200DEB9B3 /* main.m in Sources */,
				612CBCC01999D29300DEB9B3 /* LHLAddEmployeeViewController.m in Sources */,
				612CBC941999CD8200DEB9B3 /* LHLAppDelegate.m in Sources */,
			);
			runOnlyForDeploymentPostprocessing = 0;
		};
		612CBC9D1999CD8200DEB9B3 /* Sources */ = {
			isa = PBXSourcesBuildPhase;
			buildActionMask = 2147483647;
			files = (
				612CBCAF1999CD8200DEB9B3 /* EmploymentTests.m in Sources */,
			);
			runOnlyForDeploymentPostprocessing = 0;
		};
/* End PBXSourcesBuildPhase section */

/* Begin PBXTargetDependency section */
		612CBCA71999CD8200DEB9B3 /* PBXTargetDependency */ = {
			isa = PBXTargetDependency;
			target = 612CBC7F1999CD8200DEB9B3 /* Employment */;
			targetProxy = 612CBCA61999CD8200DEB9B3 /* PBXContainerItemProxy */;
		};
/* End PBXTargetDependency section */

/* Begin PBXVariantGroup section */
		612CBC8C1999CD8200DEB9B3 /* InfoPlist.strings */ = {
			isa = PBXVariantGroup;
			children = (
				612CBC8D1999CD8200DEB9B3 /* en */,
			);
			name = InfoPlist.strings;
			sourceTree = "<group>";
		};
		612CBC951999CD8200DEB9B3 /* Main.storyboard */ = {
			isa = PBXVariantGroup;
			children = (
				612CBC961999CD8200DEB9B3 /* Base */,
			);
			name = Main.storyboard;
			sourceTree = "<group>";
		};
		612CBCAB1999CD8200DEB9B3 /* InfoPlist.strings */ = {
			isa = PBXVariantGroup;
			children = (
				612CBCAC1999CD8200DEB9B3 /* en */,
			);
			name = InfoPlist.strings;
			sourceTree = "<group>";
		};
/* End PBXVariantGroup section */

/* Begin XCBuildConfiguration section */
		612CBCB01999CD8200DEB9B3 /* Debug */ = {
			isa = XCBuildConfiguration;
			buildSettings = {
				ALWAYS_SEARCH_USER_PATHS = NO;
				CLANG_CXX_LANGUAGE_STANDARD = "gnu++0x";
				CLANG_CXX_LIBRARY = "libc++";
				CLANG_ENABLE_MODULES = YES;
				CLANG_ENABLE_OBJC_ARC = YES;
				CLANG_WARN_BOOL_CONVERSION = YES;
				CLANG_WARN_CONSTANT_CONVERSION = YES;
				CLANG_WARN_DIRECT_OBJC_ISA_USAGE = YES_ERROR;
				CLANG_WARN_EMPTY_BODY = YES;
				CLANG_WARN_ENUM_CONVERSION = YES;
				CLANG_WARN_INT_CONVERSION = YES;
				CLANG_WARN_OBJC_ROOT_CLASS = YES_ERROR;
				CLANG_WARN__DUPLICATE_METHOD_MATCH = YES;
				"CODE_SIGN_IDENTITY[sdk=iphoneos*]" = "iPhone Developer";
				COPY_PHASE_STRIP = NO;
				GCC_C_LANGUAGE_STANDARD = gnu99;
				GCC_DYNAMIC_NO_PIC = NO;
				GCC_OPTIMIZATION_LEVEL = 0;
				GCC_PREPROCESSOR_DEFINITIONS = (
					"DEBUG=1",
					"$(inherited)",
				);
				GCC_SYMBOLS_PRIVATE_EXTERN = NO;
				GCC_WARN_64_TO_32_BIT_CONVERSION = YES;
				GCC_WARN_ABOUT_RETURN_TYPE = YES_ERROR;
				GCC_WARN_UNDECLARED_SELECTOR = YES;
				GCC_WARN_UNINITIALIZED_AUTOS = YES_AGGRESSIVE;
				GCC_WARN_UNUSED_FUNCTION = YES;
				GCC_WARN_UNUSED_VARIABLE = YES;
				IPHONEOS_DEPLOYMENT_TARGET = 7.1;
				ONLY_ACTIVE_ARCH = YES;
				SDKROOT = iphoneos;
			};
			name = Debug;
		};
		612CBCB11999CD8200DEB9B3 /* Release */ = {
			isa = XCBuildConfiguration;
			buildSettings = {
				ALWAYS_SEARCH_USER_PATHS = NO;
				CLANG_CXX_LANGUAGE_STANDARD = "gnu++0x";
				CLANG_CXX_LIBRARY = "libc++";
				CLANG_ENABLE_MODULES = YES;
				CLANG_ENABLE_OBJC_ARC = YES;
				CLANG_WARN_BOOL_CONVERSION = YES;
				CLANG_WARN_CONSTANT_CONVERSION = YES;
				CLANG_WARN_DIRECT_OBJC_ISA_USAGE = YES_ERROR;
				CLANG_WARN_EMPTY_BODY = YES;
				CLANG_WARN_ENUM_CONVERSION = YES;
				CLANG_WARN_INT_CONVERSION = YES;
				CLANG_WARN_OBJC_ROOT_CLASS = YES_ERROR;
				CLANG_WARN__DUPLICATE_METHOD_MATCH = YES;
				"CODE_SIGN_IDENTITY[sdk=iphoneos*]" = "iPhone Developer";
				COPY_PHASE_STRIP = YES;
				ENABLE_NS_ASSERTIONS = NO;
				GCC_C_LANGUAGE_STANDARD = gnu99;
				GCC_WARN_64_TO_32_BIT_CONVERSION = YES;
				GCC_WARN_ABOUT_RETURN_TYPE = YES_ERROR;
				GCC_WARN_UNDECLARED_SELECTOR = YES;
				GCC_WARN_UNINITIALIZED_AUTOS = YES_AGGRESSIVE;
				GCC_WARN_UNUSED_FUNCTION = YES;
				GCC_WARN_UNUSED_VARIABLE = YES;
				IPHONEOS_DEPLOYMENT_TARGET = 7.1;
				SDKROOT = iphoneos;
				VALIDATE_PRODUCT = YES;
			};
			name = Release;
		};
		612CBCB31999CD8200DEB9B3 /* Debug */ = {
			isa = XCBuildConfiguration;
			buildSettings = {
				ASSETCATALOG_COMPILER_APPICON_NAME = AppIcon;
				ASSETCATALOG_COMPILER_LAUNCHIMAGE_NAME = LaunchImage;
				GCC_PRECOMPILE_PREFIX_HEADER = YES;
				GCC_PREFIX_HEADER = "Employment/Employment-Prefix.pch";
				INFOPLIST_FILE = "Employment/Employment-Info.plist";
				PRODUCT_NAME = "$(TARGET_NAME)";
				WRAPPER_EXTENSION = app;
			};
			name = Debug;
		};
		612CBCB41999CD8200DEB9B3 /* Release */ = {
			isa = XCBuildConfiguration;
			buildSettings = {
				ASSETCATALOG_COMPILER_APPICON_NAME = AppIcon;
				ASSETCATALOG_COMPILER_LAUNCHIMAGE_NAME = LaunchImage;
				GCC_PRECOMPILE_PREFIX_HEADER = YES;
				GCC_PREFIX_HEADER = "Employment/Employment-Prefix.pch";
				INFOPLIST_FILE = "Employment/Employment-Info.plist";
				PRODUCT_NAME = "$(TARGET_NAME)";
				WRAPPER_EXTENSION = app;
			};
			name = Release;
		};
		612CBCB61999CD8200DEB9B3 /* Debug */ = {
			isa = XCBuildConfiguration;
			buildSettings = {
				BUNDLE_LOADER = "$(BUILT_PRODUCTS_DIR)/Employment.app/Employment";
				FRAMEWORK_SEARCH_PATHS = (
					"$(SDKROOT)/Developer/Library/Frameworks",
					"$(inherited)",
					"$(DEVELOPER_FRAMEWORKS_DIR)",
				);
				GCC_PRECOMPILE_PREFIX_HEADER = YES;
				GCC_PREFIX_HEADER = "Employment/Employment-Prefix.pch";
				GCC_PREPROCESSOR_DEFINITIONS = (
					"DEBUG=1",
					"$(inherited)",
				);
				INFOPLIST_FILE = "EmploymentTests/EmploymentTests-Info.plist";
				PRODUCT_NAME = "$(TARGET_NAME)";
				TEST_HOST = "$(BUNDLE_LOADER)";
				WRAPPER_EXTENSION = xctest;
			};
			name = Debug;
		};
		612CBCB71999CD8200DEB9B3 /* Release */ = {
			isa = XCBuildConfiguration;
			buildSettings = {
				BUNDLE_LOADER = "$(BUILT_PRODUCTS_DIR)/Employment.app/Employment";
				FRAMEWORK_SEARCH_PATHS = (
					"$(SDKROOT)/Developer/Library/Frameworks",
					"$(inherited)",
					"$(DEVELOPER_FRAMEWORKS_DIR)",
				);
				GCC_PRECOMPILE_PREFIX_HEADER = YES;
				GCC_PREFIX_HEADER = "Employment/Employment-Prefix.pch";
				INFOPLIST_FILE = "EmploymentTests/EmploymentTests-Info.plist";
				PRODUCT_NAME = "$(TARGET_NAME)";
				TEST_HOST = "$(BUNDLE_LOADER)";
				WRAPPER_EXTENSION = xctest;
			};
			name = Release;
		};
/* End XCBuildConfiguration section */

/* Begin XCConfigurationList section */
		612CBC7B1999CD8200DEB9B3 /* Build configuration list for PBXProject "Employment" */ = {
			isa = XCConfigurationList;
			buildConfigurations = (
				612CBCB01999CD8200DEB9B3 /* Debug */,
				612CBCB11999CD8200DEB9B3 /* Release */,
			);
			defaultConfigurationIsVisible = 0;
			defaultConfigurationName = Release;
		};
		612CBCB21999CD8200DEB9B3 /* Build configuration list for PBXNativeTarget "Employment" */ = {
			isa = XCConfigurationList;
			buildConfigurations = (
				612CBCB31999CD8200DEB9B3 /* Debug */,
				612CBCB41999CD8200DEB9B3 /* Release */,
			);
			defaultConfigurationIsVisible = 0;
			defaultConfigurationName = Release;
		};
		612CBCB51999CD8200DEB9B3 /* Build configuration list for PBXNativeTarget "EmploymentTests" */ = {
			isa = XCConfigurationList;
			buildConfigurations = (
				612CBCB61999CD8200DEB9B3 /* Debug */,
				612CBCB71999CD8200DEB9B3 /* Release */,
			);
			defaultConfigurationIsVisible = 0;
			defaultConfigurationName = Release;
		};
/* End XCConfigurationList section */
	};
	rootObject = 612CBC781999CD8200DEB9B3 /* Project object */;
}
